
Microsoft Visual Studio Solution File, Format Version 12.00
# Visual Studio Version 16
VisualStudioVersion = 16.0.30204.135
MinimumVisualStudioVersion = 10.0.40219.1
Project("{FAE04EC0-301F-11D3-BF4B-00C04F79EFBC}") = "IPAGEBiblioteca", "IPAGEBiblioteca\IPAGEBiblioteca.csproj", "{549E78AE-5481-4945-ADC3-7B736AC629CE}"
EndProject
Global
	GlobalSection(SolutionConfigurationPlatforms) = preSolution
		Debug|Any CPU = Debug|Any CPU
		Release|Any CPU = Release|Any CPU
	EndGlobalSection
	GlobalSection(ProjectConfigurationPlatforms) = postSolution
		{549E78AE-5481-4945-ADC3-7B736AC629CE}.Debug|Any CPU.ActiveCfg = Debug|Any CPU
		{549E78AE-5481-4945-ADC3-7B736AC629CE}.Debug|Any CPU.Build.0 = Debug|Any CPU
		{549E78AE-5481-4945-ADC3-7B736AC629CE}.Release|Any CPU.ActiveCfg = Release|Any CPU
		{549E78AE-5481-4945-ADC3-7B736AC629CE}.Release|Any CPU.Build.0 = Release|Any CPU
	EndGlobalSection
	GlobalSection(SolutionProperties) = preSolution
		HideSolutionNode = FALSE
	EndGlobalSection
	GlobalSection(ExtensibilityGlobals) = postSolution
		SolutionGuid = {E16FCA79-E30E-4F41-871E-2D26A517558F}
	EndGlobalSection
EndGlobal
